
Microsoft Visual Studio Solution File, Format Version 12.00
# Visual Studio 15
VisualStudioVersion = 15.0.27130.2036
MinimumVisualStudioVersion = 10.0.40219.1
Project("{FAE04EC0-301F-11D3-BF4B-00C04F79EFBC}") = "TowerDefense", "TowerDefense\TowerDefense.csproj", "{CAC64206-A76E-4B10-A4A7-F137A0787CBE}"
EndProject
Global
	GlobalSection(SolutionConfigurationPlatforms) = preSolution
		Debug|Any CPU = Debug|Any CPU
		Release|Any CPU = Release|Any CPU
	EndGlobalSection
	GlobalSection(ProjectConfigurationPlatforms) = postSolution
		{CAC64206-A76E-4B10-A4A7-F137A0787CBE}.Debug|Any CPU.ActiveCfg = Debug|Any CPU
		{CAC64206-A76E-4B10-A4A7-F137A0787CBE}.Debug|Any CPU.Build.0 = Debug|Any CPU
		{CAC64206-A76E-4B10-A4A7-F137A0787CBE}.Release|Any CPU.ActiveCfg = Release|Any CPU
		{CAC64206-A76E-4B10-A4A7-F137A0787CBE}.Release|Any CPU.Build.0 = Release|Any CPU
	EndGlobalSection
	GlobalSection(SolutionProperties) = preSolution
		HideSolutionNode = FALSE
	EndGlobalSection
	GlobalSection(ExtensibilityGlobals) = postSolution
		SolutionGuid = {F8EEC07F-F12C-48A9-86D8-D65CA33A2124}
	EndGlobalSection
EndGlobal
